
Microsoft Visual Studio Solution File, Format Version 12.00
# Visual Studio Version 17
VisualStudioVersion = 17.10.35027.167
MinimumVisualStudioVersion = 10.0.40219.1
Project("{FAE04EC0-301F-11D3-BF4B-00C04F79EFBC}") = "WebApplication1", "WebApplication1\WebApplication1.csproj", "{9267245B-9481-4F72-BABD-C70BC9F520D2}"
EndProject
Global
	GlobalSection(SolutionConfigurationPlatforms) = preSolution
		Debug|Any CPU = Debug|Any CPU
		Release|Any CPU = Release|Any CPU
	EndGlobalSection
	GlobalSection(ProjectConfigurationPlatforms) = postSolution
		{9267245B-9481-4F72-BABD-C70BC9F520D2}.Debug|Any CPU.ActiveCfg = Debug|Any CPU
		{9267245B-9481-4F72-BABD-C70BC9F520D2}.Debug|Any CPU.Build.0 = Debug|Any CPU
		{9267245B-9481-4F72-BABD-C70BC9F520D2}.Release|Any CPU.ActiveCfg = Release|Any CPU
		{9267245B-9481-4F72-BABD-C70BC9F520D2}.Release|Any CPU.Build.0 = Release|Any CPU
	EndGlobalSection
	GlobalSection(SolutionProperties) = preSolution
		HideSolutionNode = FALSE
	EndGlobalSection
	GlobalSection(ExtensibilityGlobals) = postSolution
		SolutionGuid = {EA13D2E4-1303-480C-93F1-008A02ADC8BD}
	EndGlobalSection
EndGlobal
